
Microsoft Visual Studio Solution File, Format Version 12.00
# Visual Studio 15
VisualStudioVersion = 15.0.26430.16
MinimumVisualStudioVersion = 10.0.40219.1
Project("{FAE04EC0-301F-11D3-BF4B-00C04F79EFBC}") = "MilitaryTimeConversion_UnitTests", "MilitaryTimeConversion_UnitTests\MilitaryTimeConversion_UnitTests.csproj", "{DDA3BE3F-2352-4080-883B-5289C40BE1CF}"
EndProject
Project("{FAE04EC0-301F-11D3-BF4B-00C04F79EFBC}") = "MilitaryTimeConversion", "MilitaryTimeConversion\MilitaryTimeConversion.csproj", "{4E556F01-5F66-4377-BBEB-908E4923EBB9}"
EndProject
Project("{FAE04EC0-301F-11D3-BF4B-00C04F79EFBC}") = "AppointmentSetter", "AppointmentSetter\AppointmentSetter.csproj", "{8211DBA1-B95C-4676-9D38-1D1B39A13CA3}"
EndProject
Project("{FAE04EC0-301F-11D3-BF4B-00C04F79EFBC}") = "AppointmentSetter.Tests", "AppointmentSetter.Tests\AppointmentSetter.Tests.csproj", "{0AC3E3C4-BF56-4AE3-A58C-1C4905933E11}"
EndProject
Global
	GlobalSection(SolutionConfigurationPlatforms) = preSolution
		Debug|Any CPU = Debug|Any CPU
		Release|Any CPU = Release|Any CPU
	EndGlobalSection
	GlobalSection(ProjectConfigurationPlatforms) = postSolution
		{DDA3BE3F-2352-4080-883B-5289C40BE1CF}.Debug|Any CPU.ActiveCfg = Debug|Any CPU
		{DDA3BE3F-2352-4080-883B-5289C40BE1CF}.Debug|Any CPU.Build.0 = Debug|Any CPU
		{DDA3BE3F-2352-4080-883B-5289C40BE1CF}.Release|Any CPU.ActiveCfg = Release|Any CPU
		{DDA3BE3F-2352-4080-883B-5289C40BE1CF}.Release|Any CPU.Build.0 = Release|Any CPU
		{4E556F01-5F66-4377-BBEB-908E4923EBB9}.Debug|Any CPU.ActiveCfg = Debug|Any CPU
		{4E556F01-5F66-4377-BBEB-908E4923EBB9}.Debug|Any CPU.Build.0 = Debug|Any CPU
		{4E556F01-5F66-4377-BBEB-908E4923EBB9}.Release|Any CPU.ActiveCfg = Release|Any CPU
		{4E556F01-5F66-4377-BBEB-908E4923EBB9}.Release|Any CPU.Build.0 = Release|Any CPU
		{8211DBA1-B95C-4676-9D38-1D1B39A13CA3}.Debug|Any CPU.ActiveCfg = Debug|Any CPU
		{8211DBA1-B95C-4676-9D38-1D1B39A13CA3}.Debug|Any CPU.Build.0 = Debug|Any CPU
		{8211DBA1-B95C-4676-9D38-1D1B39A13CA3}.Release|Any CPU.ActiveCfg = Release|Any CPU
		{8211DBA1-B95C-4676-9D38-1D1B39A13CA3}.Release|Any CPU.Build.0 = Release|Any CPU
		{0AC3E3C4-BF56-4AE3-A58C-1C4905933E11}.Debug|Any CPU.ActiveCfg = Debug|Any CPU
		{0AC3E3C4-BF56-4AE3-A58C-1C4905933E11}.Debug|Any CPU.Build.0 = Debug|Any CPU
		{0AC3E3C4-BF56-4AE3-A58C-1C4905933E11}.Release|Any CPU.ActiveCfg = Release|Any CPU
		{0AC3E3C4-BF56-4AE3-A58C-1C4905933E11}.Release|Any CPU.Build.0 = Release|Any CPU
	EndGlobalSection
	GlobalSection(SolutionProperties) = preSolution
		HideSolutionNode = FALSE
	EndGlobalSection
EndGlobal
